
Microsoft Visual Studio Solution File, Format Version 12.00
# Visual Studio Version 17
VisualStudioVersion = 17.8.34511.84
MinimumVisualStudioVersion = 10.0.40219.1
Project("{9A19103F-16F7-4668-BE54-9A1E7A4F7556}") = "GeometryExtensions", "GeometryExtensionsR25\GeometryExtensions.csproj", "{C2608FC8-352C-4615-9CB2-36CA728B20F8}"
EndProject
Global
	GlobalSection(SolutionConfigurationPlatforms) = preSolution
		AutoCAD_Debug|x64 = AutoCAD_Debug|x64
		AutoCAD_Release|x64 = AutoCAD_Release|x64
		AutoCAD25_Debug|x64 = AutoCAD25_Debug|x64
		AutoCAD25_Release|x64 = AutoCAD25_Release|x64
		BricsCAD_Debug|x64 = BricsCAD_Debug|x64
		BricsCAD_Release|x64 = BricsCAD_Release|x64
		Debug|x64 = Debug|x64
		Release|x64 = Release|x64
	EndGlobalSection
	GlobalSection(ProjectConfigurationPlatforms) = postSolution
		{C2608FC8-352C-4615-9CB2-36CA728B20F8}.AutoCAD_Debug|x64.ActiveCfg = AutoCAD_Debug|x64
		{C2608FC8-352C-4615-9CB2-36CA728B20F8}.AutoCAD_Debug|x64.Build.0 = AutoCAD_Debug|x64
		{C2608FC8-352C-4615-9CB2-36CA728B20F8}.AutoCAD_Release|x64.ActiveCfg = AutoCAD_Release|x64
		{C2608FC8-352C-4615-9CB2-36CA728B20F8}.AutoCAD_Release|x64.Build.0 = AutoCAD_Release|x64
		{C2608FC8-352C-4615-9CB2-36CA728B20F8}.AutoCAD25_Debug|x64.ActiveCfg = AutoCAD25_Debug|x64
		{C2608FC8-352C-4615-9CB2-36CA728B20F8}.AutoCAD25_Debug|x64.Build.0 = AutoCAD25_Debug|x64
		{C2608FC8-352C-4615-9CB2-36CA728B20F8}.AutoCAD25_Release|x64.ActiveCfg = AutoCAD25_Release|x64
		{C2608FC8-352C-4615-9CB2-36CA728B20F8}.AutoCAD25_Release|x64.Build.0 = AutoCAD25_Release|x64
		{C2608FC8-352C-4615-9CB2-36CA728B20F8}.BricsCAD_Debug|x64.ActiveCfg = BricsCAD_Debug|x64
		{C2608FC8-352C-4615-9CB2-36CA728B20F8}.BricsCAD_Debug|x64.Build.0 = BricsCAD_Debug|x64
		{C2608FC8-352C-4615-9CB2-36CA728B20F8}.BricsCAD_Release|x64.ActiveCfg = BricsCAD_Release|x64
		{C2608FC8-352C-4615-9CB2-36CA728B20F8}.BricsCAD_Release|x64.Build.0 = BricsCAD_Release|x64
		{C2608FC8-352C-4615-9CB2-36CA728B20F8}.Debug|x64.ActiveCfg = Debug|x64
		{C2608FC8-352C-4615-9CB2-36CA728B20F8}.Debug|x64.Build.0 = Debug|x64
		{C2608FC8-352C-4615-9CB2-36CA728B20F8}.Release|x64.ActiveCfg = Release|x64
		{C2608FC8-352C-4615-9CB2-36CA728B20F8}.Release|x64.Build.0 = Release|x64
	EndGlobalSection
	GlobalSection(SolutionProperties) = preSolution
		HideSolutionNode = FALSE
	EndGlobalSection
	GlobalSection(ExtensibilityGlobals) = postSolution
		SolutionGuid = {436E5712-B1D1-414D-81D3-5A379742380E}
	EndGlobalSection
EndGlobal
